
Microsoft Visual Studio Solution File, Format Version 12.00
# Visual Studio Version 16
VisualStudioVersion = 16.0.32929.386
MinimumVisualStudioVersion = 10.0.40219.1
Project("{FAE04EC0-301F-11D3-BF4B-00C04F79EFBC}") = "Backend_maracuya_store", "Backend_maracuya_store\Backend_maracuya_store.csproj", "{C4B272FA-3B95-46C6-8E62-81F7A8288981}"
EndProject
Project("{2150E333-8FDC-42A3-9474-1A3956D46DE8}") = "Bussiness", "Bussiness", "{E6064D88-29FC-4C7E-B780-102CB21A7DC1}"
EndProject
Project("{2150E333-8FDC-42A3-9474-1A3956D46DE8}") = "Shared", "Shared", "{7A616920-3E8B-4F5C-948A-D89146719F7F}"
EndProject
Project("{2150E333-8FDC-42A3-9474-1A3956D46DE8}") = "Web", "Web", "{D064A4C5-D41F-4289-B4E8-789843AD64B9}"
EndProject
Project("{FAE04EC0-301F-11D3-BF4B-00C04F79EFBC}") = "Bussiness", "Bussiness\Bussiness.csproj", "{4B2D7153-886B-4648-8E3D-0A840D4BC79F}"
EndProject
Project("{FAE04EC0-301F-11D3-BF4B-00C04F79EFBC}") = "Dal", "Dal\Dal.csproj", "{61DBB5FB-C330-4EFD-AF57-7CF6C8681000}"
EndProject
Project("{FAE04EC0-301F-11D3-BF4B-00C04F79EFBC}") = "Dto", "Dto\Dto.csproj", "{B1398494-1E7A-4A48-8FA5-FE8703172DAF}"
EndProject
Global
	GlobalSection(SolutionConfigurationPlatforms) = preSolution
		Debug|Any CPU = Debug|Any CPU
		Release|Any CPU = Release|Any CPU
	EndGlobalSection
	GlobalSection(ProjectConfigurationPlatforms) = postSolution
		{C4B272FA-3B95-46C6-8E62-81F7A8288981}.Debug|Any CPU.ActiveCfg = Debug|Any CPU
		{C4B272FA-3B95-46C6-8E62-81F7A8288981}.Debug|Any CPU.Build.0 = Debug|Any CPU
		{C4B272FA-3B95-46C6-8E62-81F7A8288981}.Release|Any CPU.ActiveCfg = Release|Any CPU
		{C4B272FA-3B95-46C6-8E62-81F7A8288981}.Release|Any CPU.Build.0 = Release|Any CPU
		{4B2D7153-886B-4648-8E3D-0A840D4BC79F}.Debug|Any CPU.ActiveCfg = Debug|Any CPU
		{4B2D7153-886B-4648-8E3D-0A840D4BC79F}.Debug|Any CPU.Build.0 = Debug|Any CPU
		{4B2D7153-886B-4648-8E3D-0A840D4BC79F}.Release|Any CPU.ActiveCfg = Release|Any CPU
		{4B2D7153-886B-4648-8E3D-0A840D4BC79F}.Release|Any CPU.Build.0 = Release|Any CPU
		{61DBB5FB-C330-4EFD-AF57-7CF6C8681000}.Debug|Any CPU.ActiveCfg = Debug|Any CPU
		{61DBB5FB-C330-4EFD-AF57-7CF6C8681000}.Debug|Any CPU.Build.0 = Debug|Any CPU
		{61DBB5FB-C330-4EFD-AF57-7CF6C8681000}.Release|Any CPU.ActiveCfg = Release|Any CPU
		{61DBB5FB-C330-4EFD-AF57-7CF6C8681000}.Release|Any CPU.Build.0 = Release|Any CPU
		{B1398494-1E7A-4A48-8FA5-FE8703172DAF}.Debug|Any CPU.ActiveCfg = Debug|Any CPU
		{B1398494-1E7A-4A48-8FA5-FE8703172DAF}.Debug|Any CPU.Build.0 = Debug|Any CPU
		{B1398494-1E7A-4A48-8FA5-FE8703172DAF}.Release|Any CPU.ActiveCfg = Release|Any CPU
		{B1398494-1E7A-4A48-8FA5-FE8703172DAF}.Release|Any CPU.Build.0 = Release|Any CPU
	EndGlobalSection
	GlobalSection(SolutionProperties) = preSolution
		HideSolutionNode = FALSE
	EndGlobalSection
	GlobalSection(NestedProjects) = preSolution
		{C4B272FA-3B95-46C6-8E62-81F7A8288981} = {D064A4C5-D41F-4289-B4E8-789843AD64B9}
		{4B2D7153-886B-4648-8E3D-0A840D4BC79F} = {E6064D88-29FC-4C7E-B780-102CB21A7DC1}
		{61DBB5FB-C330-4EFD-AF57-7CF6C8681000} = {E6064D88-29FC-4C7E-B780-102CB21A7DC1}
		{B1398494-1E7A-4A48-8FA5-FE8703172DAF} = {7A616920-3E8B-4F5C-948A-D89146719F7F}
	EndGlobalSection
	GlobalSection(ExtensibilityGlobals) = postSolution
		SolutionGuid = {2336D73D-20E8-47C7-B885-B9E6ABEC5558}
	EndGlobalSection
EndGlobal
